{
    "_meta": {
        "hash": {
            "sha256": "becd5009117dc00aff8f0b3728abe926576ee974f9002c59490ed41ab438491e"
        },
        "pipfile-spec": 6,
        "requires": {
            "python_version": "3.7"
        },
        "sources": [
            {
                "name": "pypi",
                "url": "https://pypi.org/simple",
                "verify_ssl": true
            }
        ]
    },
    "default": {
        "blis": {
            "hashes": [
                "sha256:00473602629ba69fe6565108e21957e918cb48b59f5bf2f6bfb6e04de42500cb",
                "sha256:03c368c9716ca814c436550a5f1e02ccf74850e613602519e3941d212e5aa177",
                "sha256:135450caabc8aea9bb9250329ebdf7189982d9b57d5c92789b2ba2fe52c247a7",
                "sha256:1402d9cbb0fbc21b749dd5b87d7ee14249e74a0ca38be6ecc56b3b356fca2f21",
                "sha256:26b16d6005bb2671699831b5cc699905215d1abde1ec5c1d04de7dcd9eb29f75",
                "sha256:3347a4b1b7d3ae14476aac9a6f7bf8ebf464863f4ebf4aea228874a7694ea240",
                "sha256:38fe877a4b52e762f5e137a412e3c256545a696a12ae8c40d67b8815d2bb5097",
                "sha256:4fb89c47ee06b58a4410a16fd5794847517262c9d2a342643475b477dfeff0a4",
                "sha256:77a6486b9794af01bcdfd1bc6e067c93add4b93292e6f95bf6e5ce7f98bf0163",
                "sha256:856142a11e37fd2c47c5006a3197e157bb8469a491a73d2d442223dd3279df84",
                "sha256:8aeaf6954351593a1e412f80e398aa51df588d3c0de74b9f3323b694c603381b",
                "sha256:9ede123065f3cacb109967755b3d83d4ca0de90643a9058129a6ab2d4051954f",
                "sha256:d1d59faebc1c94f8f4f77154ef4b9d6d40364b111cf8fde48ee3b524c85f1075",
                "sha256:d69257d317e86f34a7f230a2fd1f021fd2a1b944137f40d8cdbb23bd334cd0c4",
                "sha256:ddd732c5274d1082fa92e2c42317587d5ebabce7741ca98120f69bd45d004b99",
                "sha256:f0b0dad4d6268d9dba0a65a9db12dd7a2d8686b648399e4aa1aec7550697e99e"
            ],
            "version": "==0.4.1"
        },
        "certifi": {
            "hashes": [
                "sha256:35824b4c3a97115964b408844d64aa14db1cc518f6562e8d7261699d1350a9e3",
                "sha256:4ad3232f5e926d6718ec31cfc1fcadfde020920e278684144551c91769c7bc18"
            ],
            "index": "pypi",
            "version": "==2022.12.7"
        },
        "charset-normalizer": {
            "hashes": [
                "sha256:5a3d016c7c547f69d6f81fb0db9449ce888b418b5b9952cc5e6e66843e9dd845",
                "sha256:83e9a75d1911279afd89352c68b45348559d1fc0506b054b346651b5e7fee29f"
            ],
            "markers": "python_full_version >= '3.6.0'",
            "version": "==2.1.1"
        },
        "cymem": {
            "hashes": [
                "sha256:011039e12d3144ac1bf3a6b38f5722b817f0d6487c8184e88c891b360b69f533",
                "sha256:0ac45088abffbae9b7db2c597f098de51b7e3c1023cb314e55c0f7f08440cf66",
                "sha256:10178e402bb512b2686b8c2f41f930111e597237ca8f85cb583ea93822ef798d",
                "sha256:24b779046484674c054af1e779c68cb224dc9694200ac13b22129d7fb7e99e6d",
                "sha256:26e5d5c6958855d2fe3d5629afe85a6aae5531abaa76f4bc21b9abf9caaccdfe",
                "sha256:2aa33f1dbd7ceda37970e174c38fd1cf106817a261aa58521ba9918156868231",
                "sha256:314273be1f143da674388e0a125d409e2721fbf669c380ae27c5cbae4011e26d",
                "sha256:3da89464021fe669932fce1578343fcaf701e47e3206f50d320f4f21e6683ca5",
                "sha256:42aedfd2e77aa0518a24a2a60a2147308903abc8b13c84504af58539c39e52a3",
                "sha256:4302df5793a320c4f4a263c7785d2fa7f29928d72cb83ebeb34d64a610f8d819",
                "sha256:48b98da6b906fe976865263e27734ebc64f972a978a999d447ad6c83334e3f90",
                "sha256:4981fc9182cc1fe54bfedf5f73bfec3ce0c27582d9be71e130c46e35958beef0",
                "sha256:4f359cab9f16e25b3098f816c40acbf1697a3b614a8d02c56e6ebcb9c89a06b3",
                "sha256:59a09cf0e71b1b88bfa0de544b801585d81d06ea123c1725e7c5da05b7ca0d20",
                "sha256:5ea6b027fdad0c3e9a4f1b94d28d213be08c466a60c72c633eb9db76cf30e53a",
                "sha256:6c50794c612801ed8b599cd4af1ed810a0d39011711c8224f93e1153c00e08d1",
                "sha256:6f9e63e5ad4ed6ffa21fd8db1c03b05be3fea2f32e32fdace67a840ea2702c3d",
                "sha256:85359ab7b490e6c897c04863704481600bd45188a0e2ca7375eb5db193e13cb7",
                "sha256:864701e626b65eb2256060564ed8eb034ebb0a8f14ce3fbef337e88352cdee9f",
                "sha256:9e5e1b7de7952d89508d07601b9e95b2244e70d7ef60fbc161b3ad68f22815f8",
                "sha256:a2971b7da5aa2e65d8fbbe9f2acfc19ff8e73f1896e3d6e1223cc9bf275a0207",
                "sha256:a9525ad563b36dc1e30889d0087a0daa67dd7bb7d3e1530c4b61cd65cc756a5b",
                "sha256:c183257dc5ab237b664f64156c743e788f562417c74ea58c5a3939fe2d48d6f6",
                "sha256:d18250f97eeb13af2e8b19d3cefe4bf743b963d93320b0a2e729771410fd8cf4",
                "sha256:df543a36e7000808fe0a03d92fd6cd8bf23fa8737c3f7ae791a5386de797bf79",
                "sha256:e156788d32ad8f7141330913c5d5d2aa67182fca8f15ae22645e9f379abe8a4c",
                "sha256:e6034badb5dd4e10344211c81f16505a55553a7164adc314c75bd80cf07e57a8",
                "sha256:f165d7bce55d6730930e29d8294569788aa127f1be8d1642d9550ed96223cb37"
            ],
            "version": "==2.0.7"
        },
        "idna": {
            "hashes": [
                "sha256:814f528e8dead7d329833b91c5faa87d60bf71824cd12a7530b5526063d02cb4",
                "sha256:90b77e79eaa3eba6de819a0c442c0b4ceefc341a7a2ab77d7562bf49f425c5c2"
            ],
            "markers": "python_version >= '3.5'",
            "version": "==3.4"
        },
        "importlib-metadata": {
            "hashes": [
                "sha256:d5059f9f1e8e41f80e9c56c2ee58811450c31984dfa625329ffd7c0dad88a73b",
                "sha256:d84d17e21670ec07990e1044a99efe8d615d860fd176fc29ef5c306068fda313"
            ],
            "markers": "python_version < '3.8'",
            "version": "==5.1.0"
        },
        "murmurhash": {
            "hashes": [
                "sha256:01137d688a6b259bde642513506b062364ea4e1609f886d9bd095c3ae6da0b94",
                "sha256:0ac5530c250d2b0073ed058555847c8d88d2d00229e483d45658c13b32398523",
                "sha256:0c2e2ee2d91a87952fe0f80212e86119aa1fd7681f03e6c99b279e50790dc2b3",
                "sha256:0eb0f8e652431ea238c11bcb671fef5c03aff0544bf7e098df81ea4b6d495405",
                "sha256:1b70bbf55d89713873a35bd4002bc231d38e530e1051d57ca5d15f96c01fd778",
                "sha256:213d0248e586082e1cab6157d9945b846fd2b6be34357ad5ea0d03a1931d82ba",
                "sha256:241693c1c819148eac29d7882739b1099c891f1f7431127b2652c23f81722cec",
                "sha256:2aebe2ae016525a662ff772b72a2c9244a673e3215fcd49897f494258b96f3e7",
                "sha256:379bf6b414bd27dd36772dd1570565a7d69918e980457370838bd514df0d91e9",
                "sha256:3e802fa5b0e618ee99e8c114ce99fc91677f14e9de6e18b945d91323a93c84e8",
                "sha256:47f5ca56c430230d3b581dfdbc54eb3ad8b0406dcc9afdd978da2e662c71d370",
                "sha256:5dc41be79ba4d09aab7e9110a8a4d4b37b184b63767b1b247411667cdb1057a3",
                "sha256:5ef31b5c11be2c064dbbdd0e22ab3effa9ceb5b11ae735295c717c120087dd94",
                "sha256:660ae41fc6609abc05130543011a45b33ca5d8318ae5c70e66bbd351ca936063",
                "sha256:69157e8fa6b25c4383645227069f6a1f8738d32ed2a83558961019ca3ebef56a",
                "sha256:697ed01454d92681c7ae26eb1adcdc654b54062bcc59db38ed03cad71b23d449",
                "sha256:799fcbca5693ad6a40f565ae6b8e9718e5875a63deddf343825c0f31c32348fa",
                "sha256:8c3d69fb649c77c74a55624ebf7a0df3c81629e6ea6e80048134f015da57b2ea",
                "sha256:94b89d02aeab5e6bad5056f9d08df03ac7cfe06e61ff4b6340feb227fda80ce8",
                "sha256:a5952f9c18a717fa17579e27f57bfa619299546011a8378a8f73e14eece332f6",
                "sha256:ab78675510f83e7a3c6bd0abdc448a9a2b0b385b0d7ee766cbbfc5cc278a3042",
                "sha256:b129e1c5ebd772e6ff5ef925bcce695df13169bd885337e6074b923ab6edcfc8",
                "sha256:c0f84ecdf37c06eda0222f2f9e81c0974e1a7659c35b755ab2fdc642ebd366db",
                "sha256:cf0b3fe54dca598f5b18c9951e70812e070ecb4c0672ad2cc32efde8a33b3df6",
                "sha256:d7a2bd203377a31bbb2d83fe3f968756d6c9bbfa36c64c6ebfc3c6494fc680bc",
                "sha256:ef79202feeac68e83971239169a05fa6514ecc2815ce04c8302076d267870f6e",
                "sha256:f9b995bc82eaf9223e045210207b8878fdfe099a788dd8abd708d9ee58459a9d",
                "sha256:fe7a38cb0d3d87c14ec9dddc4932ffe2dbc77d75469ab80fd5014689b0e07b58"
            ],
            "markers": "python_full_version >= '3.6.0'",
            "version": "==1.0.9"
        },
        "nltk": {
            "hashes": [
                "sha256:a08bdb4b8a1c13de16743068d9eb61c8c71c2e5d642e8e08205c528035843f82",
                "sha256:bed45551259aa2101381bbdd5df37d44ca2669c5c3dad72439fa459b29137d94"
            ],
            "index": "pypi",
            "version": "==3.4.5"
        },
        "numpy": {
            "hashes": [
                "sha256:1dbe1c91269f880e364526649a52eff93ac30035507ae980d2fed33aaee633ac",
                "sha256:357768c2e4451ac241465157a3e929b265dfac85d9214074985b1786244f2ef3",
                "sha256:3820724272f9913b597ccd13a467cc492a0da6b05df26ea09e78b171a0bb9da6",
                "sha256:4391bd07606be175aafd267ef9bea87cf1b8210c787666ce82073b05f202add1",
                "sha256:4aa48afdce4660b0076a00d80afa54e8a97cd49f457d68a4342d188a09451c1a",
                "sha256:58459d3bad03343ac4b1b42ed14d571b8743dc80ccbf27444f266729df1d6f5b",
                "sha256:5c3c8def4230e1b959671eb959083661b4a0d2e9af93ee339c7dada6759a9470",
                "sha256:5f30427731561ce75d7048ac254dbe47a2ba576229250fb60f0fb74db96501a1",
                "sha256:643843bcc1c50526b3a71cd2ee561cf0d8773f062c8cbaf9ffac9fdf573f83ab",
                "sha256:67c261d6c0a9981820c3a149d255a76918278a6b03b6a036800359aba1256d46",
                "sha256:67f21981ba2f9d7ba9ade60c9e8cbaa8cf8e9ae51673934480e45cf55e953673",
                "sha256:6aaf96c7f8cebc220cdfc03f1d5a31952f027dda050e5a703a0d1c396075e3e7",
                "sha256:7c4068a8c44014b2d55f3c3f574c376b2494ca9cc73d2f1bd692382b6dffe3db",
                "sha256:7c7e5fa88d9ff656e067876e4736379cc962d185d5cd808014a8a928d529ef4e",
                "sha256:7f5ae4f304257569ef3b948810816bc87c9146e8c446053539947eedeaa32786",
                "sha256:82691fda7c3f77c90e62da69ae60b5ac08e87e775b09813559f8901a88266552",
                "sha256:8737609c3bbdd48e380d463134a35ffad3b22dc56295eff6f79fd85bd0eeeb25",
                "sha256:9f411b2c3f3d76bba0865b35a425157c5dcf54937f82bbeb3d3c180789dd66a6",
                "sha256:a6be4cb0ef3b8c9250c19cc122267263093eee7edd4e3fa75395dfda8c17a8e2",
                "sha256:bcb238c9c96c00d3085b264e5c1a1207672577b93fa666c3b14a45240b14123a",
                "sha256:bf2ec4b75d0e9356edea834d1de42b31fe11f726a81dfb2c2112bc1eaa508fcf",
                "sha256:d136337ae3cc69aa5e447e78d8e1514be8c3ec9b54264e680cf0b4bd9011574f",
                "sha256:d4bf4d43077db55589ffc9009c0ba0a94fa4908b9586d6ccce2e0b164c86303c",
                "sha256:d6a96eef20f639e6a97d23e57dd0c1b1069a7b4fd7027482a4c5c451cd7732f4",
                "sha256:d9caa9d5e682102453d96a0ee10c7241b72859b01a941a397fd965f23b3e016b",
                "sha256:dd1c8f6bd65d07d3810b90d02eba7997e32abbdf1277a481d698969e921a3be0",
                "sha256:e31f0bb5928b793169b87e3d1e070f2342b22d5245c755e2b81caa29756246c3",
                "sha256:ecb55251139706669fdec2ff073c98ef8e9a84473e51e716211b41aa0f18e656",
                "sha256:ee5ec40fdd06d62fe5d4084bef4fd50fd4bb6bfd2bf519365f569dc470163ab0",
                "sha256:f17e562de9edf691a42ddb1eb4a5541c20dd3f9e65b09ded2beb0799c0cf29bb",
                "sha256:fdffbfb6832cd0b300995a2b08b8f6fa9f6e856d562800fea9182316d99c4e8e"
            ],
            "markers": "python_version < '3.11' and python_version >= '3.7'",
            "version": "==1.21.6"
        },
        "plac": {
            "hashes": [
                "sha256:398cb947c60c4c25e275e1f1dadf027e7096858fb260b8ece3b33bcff90d985f",
                "sha256:487e553017d419f35add346c4c09707e52fa53f7e7181ce1098ca27620e9ceee"
            ],
            "version": "==1.1.3"
        },
        "preshed": {
            "hashes": [
                "sha256:019d8fa4161035811fb2804d03214143298739e162d0ad24e087bd46c50970f5",
                "sha256:06793022a56782ef51d74f1399925a2ba958e50c5cfbc6fa5b25c4945e158a07",
                "sha256:09cc9da2ac1b23010ce7d88a5e20f1033595e6dd80be14318e43b9409f4c7697",
                "sha256:0ae25a010c9f551aa2247ee621457f679e07c57fc99d3fd44f84cb40b925f12c",
                "sha256:0e1bb8701df7861af26a312225bdf7c4822ac06fcf75aeb60fe2b0a20e64c222",
                "sha256:135e2ac0db1a3948d6ec295598c7e182b52c394663f2fcfe36a97ae51186be21",
                "sha256:246e7c6890dc7fe9b10f0e31de3346b906e3862b6ef42fcbede37968f46a73bf",
                "sha256:25b5ef5e387a0e17ff41202a8c1816184ab6fb3c0d0b847bf8add0ed5941eb8d",
                "sha256:53d3e2456a085425c66af7baba62d7eaa24aa5e460e1a9e02c401a2ed59abd7b",
                "sha256:5942858170c4f53d9afc6352a86bbc72fc96cc4d8964b6415492114a5920d3ed",
                "sha256:5a6a7fcf7dd2e7711051b3f0432da9ec9c748954c989f49d2cd8eabf8c2d953e",
                "sha256:67643e66691770dc3434b01671648f481e3455209ce953727ef2330b16790aaa",
                "sha256:6a49ce52856fbb3ef4f1cc744c53f5d7e1ca370b1939620ac2509a6d25e02a50",
                "sha256:6c74c70078809bfddda17be96483c41d06d717934b07cab7921011d81758b357",
                "sha256:720593baf2c2e295f855192974799e486da5f50d4548db93c44f5726a43cefb9",
                "sha256:7f8837bf616335464f3713cbf562a3dcaad22c3ca9193f957018964ef871a68b",
                "sha256:854d58a8913ebf3b193b0dc8064155b034e8987de25f26838dfeca09151fda8a",
                "sha256:85e98a618fb36cdcc37501d8b9b8c1246651cc2f2db3a70702832523e0ae12f4",
                "sha256:8e945fc814bdc29564a2ce137c237b3a9848aa1e76a1160369b6e0d328151fdd",
                "sha256:c8a2e2931eea7e500fbf8e014b69022f3fab2e35a70da882e2fc753e5e487ae3",
                "sha256:e0ad3d860b9ce88a74cf7414bb4b1c6fd833813e7b818e76f49272c4974b19ce",
                "sha256:e1472ee231f323b4f4368b1b5f8f08481ed43af89697d45450c6ae4af46ac08a",
                "sha256:e19c8069f1a1450f835f23d47724530cf716d581fcafb398f534d044f806b8c2",
                "sha256:e9aef2b0b7687aecef48b1c6ff657d407ff24e75462877dcb888fa904c4a9c6d",
                "sha256:ea4b6df8ef7af38e864235256793bc3056e9699d991afcf6256fa298858582fc",
                "sha256:f9a4833530fe53001c351974e0c8bb660211b8d0358e592af185fec1ae12b2d0",
                "sha256:fd19d48440b152657966a52e627780c0ddbe9d907b8d7ee4598505e80a3c55c7",
                "sha256:fdbc2957b36115a576c515ffe963919f19d2683f3c76c9304ae88ef59f6b5ca6"
            ],
            "markers": "python_full_version >= '3.6.0'",
            "version": "==3.0.8"
        },
        "requests": {
            "hashes": [
                "sha256:7c5599b102feddaa661c826c56ab4fee28bfd17f5abca1ebbe3e7f19d7c97983",
                "sha256:8fefa2a1a1365bf5520aac41836fbee479da67864514bdb821f31ce07ce65349"
            ],
            "markers": "python_version >= '3.7' and python_version < '4'",
            "version": "==2.28.1"
        },
        "setuptools": {
            "hashes": [
                "sha256:57f6f22bde4e042978bcd50176fdb381d7c21a9efa4041202288d3737a0c6a54",
                "sha256:a7620757bf984b58deaf32fc8a4577a9bbc0850cf92c20e1ce41c38c19e5fb75"
            ],
            "markers": "python_version >= '3.7'",
            "version": "==65.6.3"
        },
        "six": {
            "hashes": [
                "sha256:1e61c37477a1626458e36f7b1d82aa5c9b094fa4802892072e49de9c60c4c926",
                "sha256:8abb2f1d86890a2dfb989f9a77cfcfd3e47c2a354b01111771326f8aa26e0254"
            ],
            "markers": "python_version >= '2.7' and python_version not in '3.0, 3.1, 3.2, 3.3'",
            "version": "==1.16.0"
        },
        "spacy": {
            "hashes": [
                "sha256:33b9aacddad185d4b5cd2fddbe57375f93a88741e06992670f342a002685fb50",
                "sha256:4a1b47a1af437f43987384cd6d8061f5b3e8985f0f2b323f9644ba8e733e79a4",
                "sha256:5f5bf268a9c99de5ff4f5f5284ba44a1a33beabc3732824b8b6a2ece8899f310",
                "sha256:6311a3040cd40d890307ef316ce193422b074d1eda20f2c9a5e04cef58f494c6",
                "sha256:643200afff7bdb1631d58eb36d00c8f493bf038ed8ab59fb30ddf7fd3aea36b5",
                "sha256:72419014d91be4e3407e1610a13909d91fd0b989638b1343863318f294dba226",
                "sha256:87e2690274086a4d128c17077d2c887c5bb225490f429204858ea5a19121aebf",
                "sha256:926a7f48011d920e347fa02174421cecffc4d35e68d310e2a8e60fa2732fef9b",
                "sha256:936e1a9adc52d3de07efb1af638c9d19993a4873f0d03038b04f38bf35dc08d0",
                "sha256:98f82ff98aab28ca61baff1e79ebef03751ea36ac33308e270c0aa118826c078",
                "sha256:a10625ac4d05d94034a0e68c9147a385eb9742ff703e7578f928175ba5e6a470",
                "sha256:a9d7a482fb75ad923fc59a7bb9d0148f571b778880e157f1f399a7fb4073eb5b",
                "sha256:f4b854a59cc3fd223d46f3ed0654f606a2d11f607636d3f4259b6f586cfff6a0"
            ],
            "index": "pypi",
            "version": "==2.2.2"
        },
        "srsly": {
            "hashes": [
                "sha256:0bd9fa567dd6e03b4f43e093072b78ec3cc9c531e5ad505246c2517c6b157c94",
                "sha256:10835501136aa32b10774fc7e07c00e7c26ee2b1f87b7975676f1ab414405448",
                "sha256:16ea0cefc969928eca71c7f41279c5a5251763d506a4f070fb97f4a905073d06",
                "sha256:1c6085af24c11fc28e01ed5f12f5eb7d335d1707ae20f7be6a05fc1d8c44a1cb",
                "sha256:1ffb0ba46a946a85aec2f8d04c98d0e3cb64827ea9776b511e296fac64929a33",
                "sha256:27cc9617c9fa4869b10233377310f3ce9042c10749ffd50c1a37f1375d4f2aba",
                "sha256:46d6fbb063c2f7e44289f834209f8735dc62b246108f7e479aa668cd0fcc5545",
                "sha256:48d8bc622c4713e3d57f5706e9aa012df11e9a64089edc238ecd741e7450eb2f",
                "sha256:4fe39d6e4cc10fae320f49c1005c4870360b616542c973b548751d08af2aab01",
                "sha256:5eeee67dc4b9c4e1bb9183aba86bca0cf3d6247b2b9e554ba73c1aaa377dbe62",
                "sha256:5f797065be1cc9978700473e8a66ecbb6f634ee45eed8609d3eae789a6ef5764",
                "sha256:6ca4b34da0580df89e232a78d6eb40709588e9ce73b0fca01571f13118213d57",
                "sha256:71413eca8bad072eaa61c4a8ec06ce7e6099123d630d67aa2ce63cf45bf05a65",
                "sha256:7dda57a85e9dbb25b51aa4ce823ae57995033554309df5734cf7d107cb98d850",
                "sha256:85c16f948342c0d660b255e330522a01e624f9c2f5c1ae35a81cef1c28351985",
                "sha256:88f7117262ffbeb9eac7574c4ad711b48658103863a32b08ccde5d0cb8d45f26",
                "sha256:91c00b9ea9c13cfbf81244fb4c5717863381323646689ab61a542e94dbdec370",
                "sha256:95185bc3696168d548af16e66831e38ef86fd3cad17e9b2da4ca4819aa990c3a",
                "sha256:958e894fba96cd735cd7b66189b30dc6f54647076c329001467c5cf2ce8bfb24",
                "sha256:962d3e3355397a74efe9eccf2fb9e372d6e69e433772b4d7509b5499f854788d",
                "sha256:96e08611bf02454321676df7782ef59cdaea6c591969a8d10a272b816539f2d9",
                "sha256:9d89081dcd4003ea12c569cfb56af0ae7f939fd3c403edcb3609f11847e189fa",
                "sha256:a07b7ef984bd4759f32fc23763d8138360b72b8529f91a4c950f9a5d22de54cd",
                "sha256:a1b2083aaaec1293c370916b9474cd8999f4495279f1bc9a534ec60dc396e564",
                "sha256:a333eca5e9d930b2d174b59b135e6156b1ed1f3521d35d84587331f89cefc5ca",
                "sha256:aee80b31bd721dcb9c568dd119623a016b88039b95f19fe2b52758e5f9163d1c",
                "sha256:ce4d41347fb10e9059d170d2182582b75149e9434deae2fa254c1daeea38140a",
                "sha256:e252b1a113c7e6ffadcda1f693702270bbb0f41dd1931a30386d48b2fc7ece24"
            ],
            "markers": "python_full_version >= '3.6.0'",
            "version": "==1.0.6"
        },
        "thinc": {
            "hashes": [
                "sha256:1dbaec0628040a1f8d66147fadbf7775ad6dfe4c681424b2e20479c1e54dc3c1",
                "sha256:20b6ed4a8112342b433b9b3ca23b59322d07e32a9232d3cca19b0353e213eadb",
                "sha256:30790a1a496a8a84fe300edf50df50454dbdb625b41b203739fbc03112a4d3b6",
                "sha256:56b67887930df87c28af2cc4d046c6bc3e80ed4ff3e57208a4fb7a348d12a580",
                "sha256:650fbead603bd7e73a61fd2c1b69202ad7a8eb70d4ebe7c5484b8788e828b6e0",
                "sha256:713adad69c108dbdc145276d077c4a80f3df31a39b3fc574782dcb64b1def815",
                "sha256:801f32f6c048de7e9f6d406342080e6348d0bb02beb1412811f9150a26661691",
                "sha256:8833246f1c8b95143c91e310728bf64af8972a9d8653252efa1b4c9036837569",
                "sha256:93cb9d184115a8890321dd7f5d94a0d8235dc2fca54d92a9c1c051234a7af43e",
                "sha256:abe0d00cbb2cc831f4462e41f97aeb754b275a723a1335cdce7ac9224001d567",
                "sha256:bad16bcc608ec4d74c680d85aa9bf43cfc776ac12ca3b7e699d7283fd0177bca",
                "sha256:ce81d6b2372057e10f9d7cb505942df67a803f270d69959d44d372e8e3792bb9",
                "sha256:f19a36cdfdbef75109f505313c16a7b154b9bbf83dd177e9ddd43430dc523bb0"
            ],
            "version": "==7.3.1"
        },
        "tqdm": {
            "hashes": [
                "sha256:5f4f682a004951c1b450bc753c710e9280c5746ce6ffedee253ddbcbf54cf1e4",
                "sha256:6fee160d6ffcd1b1c68c65f14c829c22832bc401726335ce92c52d395944a6a1"
            ],
            "markers": "python_version >= '2.7' and python_version not in '3.0, 3.1, 3.2, 3.3'",
            "version": "==4.64.1"
        },
        "typing-extensions": {
            "hashes": [
                "sha256:1511434bb92bf8dd198c12b1cc812e800d4181cfcb867674e0f8279cc93087aa",
                "sha256:16fa4864408f655d35ec496218b85f79b3437c829e93320c7c9215ccfd92489e"
            ],
            "markers": "python_version < '3.8'",
            "version": "==4.4.0"
        },
        "urllib3": {
            "hashes": [
                "sha256:47cc05d99aaa09c9e72ed5809b60e7ba354e64b59c9c173ac3018642d8bb41fc",
                "sha256:c083dd0dce68dbfbe1129d5271cb90f9447dea7d52097c6e0126120c521ddea8"
            ],
            "markers": "python_version >= '2.7' and python_version not in '3.0, 3.1, 3.2, 3.3, 3.4, 3.5'",
            "version": "==1.26.13"
        },
        "vadersentiment": {
            "hashes": [
                "sha256:5dce530a78315563f8b3cd01033bbdd3bf4985fabf359ca68d4167728081c803",
                "sha256:a6d6f2c8452862a2f81dcf9819ac5812fc8be5322fc8651bdef5df2715baf03f"
            ],
            "index": "pypi",
            "version": "==3.2.1"
        },
        "wasabi": {
            "hashes": [
                "sha256:c8e372781be19272942382b14d99314d175518d7822057cb7a97010c4259d249",
                "sha256:fe862cc24034fbc9f04717cd312ab884f71f51a8ecabebc3449b751c2a649d83"
            ],
            "version": "==0.10.1"
        },
        "zipp": {
            "hashes": [
                "sha256:83a28fcb75844b5c0cdaf5aa4003c2d728c77e05f5aeabe8e95e56727005fbaa",
                "sha256:a7a22e05929290a67401440b39690ae6563279bced5f314609d9d03798f56766"
            ],
            "markers": "python_version >= '3.7'",
            "version": "==3.11.0"
        }
    },
    "develop": {
        "autopep8": {
            "hashes": [
                "sha256:4d8eec30cc81bc5617dbf1218201d770dc35629363547f17577c61683ccfb3ee"
            ],
            "index": "pypi",
            "version": "==1.4.4"
        },
        "pycodestyle": {
            "hashes": [
                "sha256:347187bdb476329d98f695c213d7295a846d1152ff4fe9bacb8a9590b8ee7053",
                "sha256:8a4eaf0d0495c7395bdab3589ac2db602797d76207242c17d470186815706610"
            ],
            "markers": "python_version >= '3.6'",
            "version": "==2.10.0"
        }
    }
}
